
Microsoft Visual Studio Solution File, Format Version 11.00
# Visual Studio 2010
Project("{FAE04EC0-301F-11D3-BF4B-00C04F79EFBC}") = "CMSC425 Prog 1", "Assembly-CSharp.csproj", "{34F47645-F5EC-F27E-CA64-A2ABA6D2427E}"
EndProject
Global
	GlobalSection(SolutionConfigurationPlatforms) = preSolution
		Debug|Any CPU = Debug|Any CPU
		Release|Any CPU = Release|Any CPU
	EndGlobalSection
	GlobalSection(ProjectConfigurationPlatforms) = postSolution
		{34F47645-F5EC-F27E-CA64-A2ABA6D2427E}.Debug|Any CPU.ActiveCfg = Debug|Any CPU
		{34F47645-F5EC-F27E-CA64-A2ABA6D2427E}.Debug|Any CPU.Build.0 = Debug|Any CPU
		{34F47645-F5EC-F27E-CA64-A2ABA6D2427E}.Release|Any CPU.ActiveCfg = Release|Any CPU
		{34F47645-F5EC-F27E-CA64-A2ABA6D2427E}.Release|Any CPU.Build.0 = Release|Any CPU
	EndGlobalSection
	GlobalSection(SolutionProperties) = preSolution
		HideSolutionNode = FALSE
	EndGlobalSection
	GlobalSection(MonoDevelopProperties) = preSolution
		StartupItem = Assembly-CSharp.csproj
	EndGlobalSection
EndGlobal
